
Microsoft Visual Studio Solution File, Format Version 12.00
# Visual Studio Version 17
VisualStudioVersion = 17.9.34622.214
MinimumVisualStudioVersion = 10.0.40219.1
Project("{FAE04EC0-301F-11D3-BF4B-00C04F79EFBC}") = "KFC Menu", "KFC Menu\KFC Menu.csproj", "{F7E0859E-D205-43B9-B49A-BABE7B2FD98C}"
EndProject
Global
	GlobalSection(SolutionConfigurationPlatforms) = preSolution
		Debug|Any CPU = Debug|Any CPU
		Release|Any CPU = Release|Any CPU
	EndGlobalSection
	GlobalSection(ProjectConfigurationPlatforms) = postSolution
		{F7E0859E-D205-43B9-B49A-BABE7B2FD98C}.Debug|Any CPU.ActiveCfg = Debug|Any CPU
		{F7E0859E-D205-43B9-B49A-BABE7B2FD98C}.Debug|Any CPU.Build.0 = Debug|Any CPU
		{F7E0859E-D205-43B9-B49A-BABE7B2FD98C}.Debug|Any CPU.Deploy.0 = Debug|Any CPU
		{F7E0859E-D205-43B9-B49A-BABE7B2FD98C}.Release|Any CPU.ActiveCfg = Release|Any CPU
		{F7E0859E-D205-43B9-B49A-BABE7B2FD98C}.Release|Any CPU.Build.0 = Release|Any CPU
		{F7E0859E-D205-43B9-B49A-BABE7B2FD98C}.Release|Any CPU.Deploy.0 = Release|Any CPU
	EndGlobalSection
	GlobalSection(SolutionProperties) = preSolution
		HideSolutionNode = FALSE
	EndGlobalSection
	GlobalSection(ExtensibilityGlobals) = postSolution
		SolutionGuid = {07E15C55-3D1E-4056-8257-D0D543D59A83}
	EndGlobalSection
EndGlobal
